{
  "name": "githubProject",
  "lockfileVersion": 2,
  "requires": true,
  "packages": {
    "": {
      "dependencies": {
        "element-plus": "^2.1.5"
      }
    },
    "node_modules/@babel/parser": {
      "version": "7.17.8",
      "resolved": "https://registry.npmmirror.com/@babel/parser/-/parser-7.17.8.tgz",
      "integrity": "sha512-BoHhDJrJXqcg+ZL16Xv39H9n+AqJ4pcDrQBGZN+wHxIysrLZ3/ECwCBUch/1zUNhnsXULcONU3Ei5Hmkfk6kiQ==",
      "peer": true,
      "bin": {
        "parser": "bin/babel-parser.js"
      },
      "engines": {
        "node": ">=6.0.0"
      }
    },
    "node_modules/@ctrl/tinycolor": {
      "version": "3.4.0",
      "resolved": "https://registry.npmmirror.com/@ctrl/tinycolor/-/tinycolor-3.4.0.tgz",
      "integrity": "sha512-JZButFdZ1+/xAfpguQHoabIXkcqRRKpMrWKBkpEZZyxfY9C1DpADFB8PEqGSTeFr135SaTRfKqGKx5xSCLI7ZQ==",
      "engines": {
        "node": ">=10"
      }
    },
    "node_modules/@element-plus/icons-vue": {
      "version": "1.1.4",
      "resolved": "https://registry.npmmirror.com/@element-plus/icons-vue/-/icons-vue-1.1.4.tgz",
      "integrity": "sha512-Iz/nHqdp1sFPmdzRwHkEQQA3lKvoObk8azgABZ81QUOpW9s/lUyQVUSh0tNtEPZXQlKwlSh7SPgoVxzrE0uuVQ==",
      "peerDependencies": {
        "vue": "^3.2.0"
      }
    },
    "node_modules/@floating-ui/core": {
      "version": "0.6.1",
      "resolved": "https://registry.npmmirror.com/@floating-ui/core/-/core-0.6.1.tgz",
      "integrity": "sha512-Y30eVMcZva8o84c0HcXAtDO4BEzPJMvF6+B7x7urL2xbAqVsGJhojOyHLaoQHQYjb6OkqRq5kO+zeySycQwKqg=="
    },
    "node_modules/@floating-ui/dom": {
      "version": "0.4.2",
      "resolved": "https://registry.npmmirror.com/@floating-ui/dom/-/dom-0.4.2.tgz",
      "integrity": "sha512-2/4vOhMAujkMmGqGX1Gut84phe5MNfk1kGeM+RSTJCpeR0SWR2/RR+/f1r1msOvTQa28wn7HEhxGe71CjYY/vw==",
      "dependencies": {
        "@floating-ui/core": "^0.6.1"
      }
    },
    "node_modules/@popperjs/core": {
      "version": "2.11.4",
      "resolved": "https://registry.npmmirror.com/@popperjs/core/-/core-2.11.4.tgz",
      "integrity": "sha512-q/ytXxO5NKvyT37pmisQAItCFqA7FD/vNb8dgaJy3/630Fsc+Mz9/9f2SziBoIZ30TJooXyTwZmhi1zjXmObYg=="
    },
    "node_modules/@types/lodash": {
      "version": "4.14.180",
      "resolved": "https://registry.npmmirror.com/@types/lodash/-/lodash-4.14.180.tgz",
      "integrity": "sha512-XOKXa1KIxtNXgASAnwj7cnttJxS4fksBRywK/9LzRV5YxrF80BXZIGeQSuoESQ/VkUj30Ae0+YcuHc15wJCB2g==",
      "peer": true
    },
    "node_modules/@types/lodash-es": {
      "version": "4.17.6",
      "resolved": "https://registry.npmmirror.com/@types/lodash-es/-/lodash-es-4.17.6.tgz",
      "integrity": "sha512-R+zTeVUKDdfoRxpAryaQNRKk3105Rrgx2CFRClIgRGaqDTdjsm8h6IYA8ir584W3ePzkZfst5xIgDwYrlh9HLg==",
      "peer": true,
      "dependencies": {
        "@types/lodash": "*"
      }
    },
    "node_modules/@vue/compiler-core": {
      "version": "3.2.31",
      "resolved": "https://registry.npmmirror.com/@vue/compiler-core/-/compiler-core-3.2.31.tgz",
      "integrity": "sha512-aKno00qoA4o+V/kR6i/pE+aP+esng5siNAVQ422TkBNM6qA4veXiZbSe8OTXHXquEi/f6Akc+nLfB4JGfe4/WQ==",
      "peer": true,
      "dependencies": {
        "@babel/parser": "^7.16.4",
        "@vue/shared": "3.2.31",
        "estree-walker": "^2.0.2",
        "source-map": "^0.6.1"
      }
    },
    "node_modules/@vue/compiler-dom": {
      "version": "3.2.31",
      "resolved": "https://registry.npmmirror.com/@vue/compiler-dom/-/compiler-dom-3.2.31.tgz",
      "integrity": "sha512-60zIlFfzIDf3u91cqfqy9KhCKIJgPeqxgveH2L+87RcGU/alT6BRrk5JtUso0OibH3O7NXuNOQ0cDc9beT0wrg==",
      "peer": true,
      "dependencies": {
        "@vue/compiler-core": "3.2.31",
        "@vue/shared": "3.2.31"
      }
    },
    "node_modules/@vue/compiler-sfc": {
      "version": "3.2.31",
      "resolved": "https://registry.npmmirror.com/@vue/compiler-sfc/-/compiler-sfc-3.2.31.tgz",
      "integrity": "sha512-748adc9msSPGzXgibHiO6T7RWgfnDcVQD+VVwYgSsyyY8Ans64tALHZANrKtOzvkwznV/F4H7OAod/jIlp/dkQ==",
      "peer": true,
      "dependencies": {
        "@babel/parser": "^7.16.4",
        "@vue/compiler-core": "3.2.31",
        "@vue/compiler-dom": "3.2.31",
        "@vue/compiler-ssr": "3.2.31",
        "@vue/reactivity-transform": "3.2.31",
        "@vue/shared": "3.2.31",
        "estree-walker": "^2.0.2",
        "magic-string": "^0.25.7",
        "postcss": "^8.1.10",
        "source-map": "^0.6.1"
      }
    },
    "node_modules/@vue/compiler-ssr": {
      "version": "3.2.31",
      "resolved": "https://registry.npmmirror.com/@vue/compiler-ssr/-/compiler-ssr-3.2.31.tgz",
      "integrity": "sha512-mjN0rqig+A8TVDnsGPYJM5dpbjlXeHUm2oZHZwGyMYiGT/F4fhJf/cXy8QpjnLQK4Y9Et4GWzHn9PS8AHUnSkw==",
      "peer": true,
      "dependencies": {
        "@vue/compiler-dom": "3.2.31",
        "@vue/shared": "3.2.31"
      }
    },
    "node_modules/@vue/reactivity": {
      "version": "3.2.31",
      "resolved": "https://registry.npmmirror.com/@vue/reactivity/-/reactivity-3.2.31.tgz",
      "integrity": "sha512-HVr0l211gbhpEKYr2hYe7hRsV91uIVGFYNHj73njbARVGHQvIojkImKMaZNDdoDZOIkMsBc9a1sMqR+WZwfSCw==",
      "peer": true,
      "dependencies": {
        "@vue/shared": "3.2.31"
      }
    },
    "node_modules/@vue/reactivity-transform": {
      "version": "3.2.31",
      "resolved": "https://registry.npmmirror.com/@vue/reactivity-transform/-/reactivity-transform-3.2.31.tgz",
      "integrity": "sha512-uS4l4z/W7wXdI+Va5pgVxBJ345wyGFKvpPYtdSgvfJfX/x2Ymm6ophQlXXB6acqGHtXuBqNyyO3zVp9b1r0MOA==",
      "peer": true,
      "dependencies": {
        "@babel/parser": "^7.16.4",
        "@vue/compiler-core": "3.2.31",
        "@vue/shared": "3.2.31",
        "estree-walker": "^2.0.2",
        "magic-string": "^0.25.7"
      }
    },
    "node_modules/@vue/runtime-core": {
      "version": "3.2.31",
      "resolved": "https://registry.npmmirror.com/@vue/runtime-core/-/runtime-core-3.2.31.tgz",
      "integrity": "sha512-Kcog5XmSY7VHFEMuk4+Gap8gUssYMZ2+w+cmGI6OpZWYOEIcbE0TPzzPHi+8XTzAgx1w/ZxDFcXhZeXN5eKWsA==",
      "peer": true,
      "dependencies": {
        "@vue/reactivity": "3.2.31",
        "@vue/shared": "3.2.31"
      }
    },
    "node_modules/@vue/runtime-dom": {
      "version": "3.2.31",
      "resolved": "https://registry.npmmirror.com/@vue/runtime-dom/-/runtime-dom-3.2.31.tgz",
      "integrity": "sha512-N+o0sICVLScUjfLG7u9u5XCjvmsexAiPt17GNnaWHJUfsKed5e85/A3SWgKxzlxx2SW/Hw7RQxzxbXez9PtY3g==",
      "peer": true,
      "dependencies": {
        "@vue/runtime-core": "3.2.31",
        "@vue/shared": "3.2.31",
        "csstype": "^2.6.8"
      }
    },
    "node_modules/@vue/server-renderer": {
      "version": "3.2.31",
      "resolved": "https://registry.npmmirror.com/@vue/server-renderer/-/server-renderer-3.2.31.tgz",
      "integrity": "sha512-8CN3Zj2HyR2LQQBHZ61HexF5NReqngLT3oahyiVRfSSvak+oAvVmu8iNLSu6XR77Ili2AOpnAt1y8ywjjqtmkg==",
      "peer": true,
      "dependencies": {
        "@vue/compiler-ssr": "3.2.31",
        "@vue/shared": "3.2.31"
      },
      "peerDependencies": {
        "vue": "3.2.31"
      }
    },
    "node_modules/@vue/shared": {
      "version": "3.2.31",
      "resolved": "https://registry.npmmirror.com/@vue/shared/-/shared-3.2.31.tgz",
      "integrity": "sha512-ymN2pj6zEjiKJZbrf98UM2pfDd6F2H7ksKw7NDt/ZZ1fh5Ei39X5tABugtT03ZRlWd9imccoK0hE8hpjpU7irQ==",
      "peer": true
    },
    "node_modules/@vueuse/core": {
      "version": "8.2.0",
      "resolved": "https://registry.npmmirror.com/@vueuse/core/-/core-8.2.0.tgz",
      "integrity": "sha512-89ZfKtFHz5ynfpWyFVXtK0yePJ2MZqFaOxnGeZn7cIp8KFbPRlu6Wsxi3gBkJNpjq+q9qbEh6MjV7QBvqCQ5Og==",
      "dependencies": {
        "@vueuse/metadata": "8.2.0",
        "@vueuse/shared": "8.2.0",
        "vue-demi": "*"
      },
      "peerDependencies": {
        "@vue/composition-api": "^1.1.0",
        "vue": "^2.6.0 || ^3.2.0"
      },
      "peerDependenciesMeta": {
        "@vue/composition-api": {
          "optional": true
        },
        "vue": {
          "optional": true
        }
      }
    },
    "node_modules/@vueuse/core/node_modules/@vueuse/shared": {
      "version": "8.2.0",
      "resolved": "https://registry.npmmirror.com/@vueuse/shared/-/shared-8.2.0.tgz",
      "integrity": "sha512-dTw7EJZgZCgG9DoVAiz4LtmKnIFXuE/idUFzvqRAJLjbPiVJc+qQH5kDUdKHI3W1U9t//1mdasQEKONArburiQ==",
      "dependencies": {
        "vue-demi": "*"
      },
      "peerDependencies": {
        "@vue/composition-api": "^1.1.0",
        "vue": "^2.6.0 || ^3.2.0"
      },
      "peerDependenciesMeta": {
        "@vue/composition-api": {
          "optional": true
        },
        "vue": {
          "optional": true
        }
      }
    },
    "node_modules/@vueuse/core/node_modules/vue-demi": {
      "version": "0.12.4",
      "resolved": "https://registry.npmmirror.com/vue-demi/-/vue-demi-0.12.4.tgz",
      "integrity": "sha512-ztPDkFt0TSUdoq1ZI6oD730vgztBkiByhUW7L1cOTebiSBqSYfSQgnhYakYigBkyAybqCTH7h44yZuDJf2xILQ==",
      "hasInstallScript": true,
      "bin": {
        "vue-demi-fix": "bin/vue-demi-fix.js",
        "vue-demi-switch": "bin/vue-demi-switch.js"
      },
      "engines": {
        "node": ">=12"
      },
      "peerDependencies": {
        "@vue/composition-api": "^1.0.0-rc.1",
        "vue": "^3.0.0-0 || ^2.6.0"
      },
      "peerDependenciesMeta": {
        "@vue/composition-api": {
          "optional": true
        }
      }
    },
    "node_modules/@vueuse/metadata": {
      "version": "8.2.0",
      "resolved": "https://registry.npmmirror.com/@vueuse/metadata/-/metadata-8.2.0.tgz",
      "integrity": "sha512-cbaezEccNuxQC+OiudG9VjZNg9/RbAAHkyuhC6+8Gsgsc+MvDhfn1NrV6NNTaldLlZgJFgUiYOkrf3JGTTTGXQ=="
    },
    "node_modules/async-validator": {
      "version": "4.0.7",
      "resolved": "https://registry.npmmirror.com/async-validator/-/async-validator-4.0.7.tgz",
      "integrity": "sha512-Pj2IR7u8hmUEDOwB++su6baaRi+QvsgajuFB9j95foM1N2gy5HM4z60hfusIO0fBPG5uLAEl6yCJr1jNSVugEQ=="
    },
    "node_modules/csstype": {
      "version": "2.6.20",
      "resolved": "https://registry.npmmirror.com/csstype/-/csstype-2.6.20.tgz",
      "integrity": "sha512-/WwNkdXfckNgw6S5R125rrW8ez139lBHWouiBvX8dfMFtcn6V81REDqnH7+CRpRipfYlyU1CmOnOxrmGcFOjeA==",
      "peer": true
    },
    "node_modules/dayjs": {
      "version": "1.11.0",
      "resolved": "https://registry.npmmirror.com/dayjs/-/dayjs-1.11.0.tgz",
      "integrity": "sha512-JLC809s6Y948/FuCZPm5IX8rRhQwOiyMb2TfVVQEixG7P8Lm/gt5S7yoQZmC8x1UehI9Pb7sksEt4xx14m+7Ug=="
    },
    "node_modules/element-plus": {
      "version": "2.1.5",
      "resolved": "https://registry.npmmirror.com/element-plus/-/element-plus-2.1.5.tgz",
      "integrity": "sha512-QHssDDY2uIJVmfXHkPU7DOxDMqlb2UCsfpJaYRrAYpZC4YIrbtQCcw26A7uRZogDu+ampAaZzGQqioDLdKNkiA==",
      "dependencies": {
        "@ctrl/tinycolor": "^3.4.0",
        "@element-plus/icons-vue": "^1.1.4",
        "@floating-ui/dom": "^0.4.1",
        "@popperjs/core": "^2.11.4",
        "@vueuse/core": "^8.1.2",
        "async-validator": "^4.0.7",
        "dayjs": "^1.11.0",
        "escape-html": "^1.0.3",
        "lodash": "^4.17.21",
        "lodash-es": "^4.17.21",
        "lodash-unified": "^1.0.2",
        "memoize-one": "^6.0.0",
        "normalize-wheel-es": "^1.1.1"
      },
      "peerDependencies": {
        "vue": "^3.2.0"
      }
    },
    "node_modules/escape-html": {
      "version": "1.0.3",
      "resolved": "https://registry.npmmirror.com/escape-html/-/escape-html-1.0.3.tgz",
      "integrity": "sha512-NiSupZ4OeuGwr68lGIeym/ksIZMJodUGOSCZ/FSnTxcrekbvqrgdUxlJOMpijaKZVjAJrWrGs/6Jy8OMuyj9ow=="
    },
    "node_modules/estree-walker": {
      "version": "2.0.2",
      "resolved": "https://registry.npmmirror.com/estree-walker/-/estree-walker-2.0.2.tgz",
      "integrity": "sha512-Rfkk/Mp/DL7JVje3u18FxFujQlTNR2q6QfMSMB7AvCBx91NGj/ba3kCfza0f6dVDbw7YlRf/nDrn7pQrCCyQ/w==",
      "peer": true
    },
    "node_modules/lodash": {
      "version": "4.17.21",
      "resolved": "https://registry.npmmirror.com/lodash/-/lodash-4.17.21.tgz",
      "integrity": "sha512-v2kDEe57lecTulaDIuNTPy3Ry4gLGJ6Z1O3vE1krgXZNrsQ+LFTGHVxVjcXPs17LhbZVGedAJv8XZ1tvj5FvSg=="
    },
    "node_modules/lodash-es": {
      "version": "4.17.21",
      "resolved": "https://registry.npmmirror.com/lodash-es/-/lodash-es-4.17.21.tgz",
      "integrity": "sha512-mKnC+QJ9pWVzv+C4/U3rRsHapFfHvQFoFB92e52xeyGMcX6/OlIl78je1u8vePzYZSkkogMPJ2yjxxsb89cxyw=="
    },
    "node_modules/lodash-unified": {
      "version": "1.0.2",
      "resolved": "https://registry.npmmirror.com/lodash-unified/-/lodash-unified-1.0.2.tgz",
      "integrity": "sha512-OGbEy+1P+UT26CYi4opY4gebD8cWRDxAT6MAObIVQMiqYdxZr1g3QHWCToVsm31x2NkLS4K3+MC2qInaRMa39g==",
      "peerDependencies": {
        "@types/lodash-es": "*",
        "lodash": "*",
        "lodash-es": "*"
      }
    },
    "node_modules/magic-string": {
      "version": "0.25.9",
      "resolved": "https://registry.npmmirror.com/magic-string/-/magic-string-0.25.9.tgz",
      "integrity": "sha512-RmF0AsMzgt25qzqqLc1+MbHmhdx0ojF2Fvs4XnOqz2ZOBXzzkEwc/dJQZCYHAn7v1jbVOjAZfK8msRn4BxO4VQ==",
      "peer": true,
      "dependencies": {
        "sourcemap-codec": "^1.4.8"
      }
    },
    "node_modules/memoize-one": {
      "version": "6.0.0",
      "resolved": "https://registry.npmmirror.com/memoize-one/-/memoize-one-6.0.0.tgz",
      "integrity": "sha512-rkpe71W0N0c0Xz6QD0eJETuWAJGnJ9afsl1srmwPrI+yBCkge5EycXXbYRyvL29zZVUWQCY7InPRCv3GDXuZNw=="
    },
    "node_modules/nanoid": {
      "version": "3.3.1",
      "resolved": "https://registry.npmmirror.com/nanoid/-/nanoid-3.3.1.tgz",
      "integrity": "sha512-n6Vs/3KGyxPQd6uO0eH4Bv0ojGSUvuLlIHtC3Y0kEO23YRge8H9x1GCzLn28YX0H66pMkxuaeESFq4tKISKwdw==",
      "peer": true,
      "bin": {
        "nanoid": "bin/nanoid.cjs"
      },
      "engines": {
        "node": "^10 || ^12 || ^13.7 || ^14 || >=15.0.1"
      }
    },
    "node_modules/normalize-wheel-es": {
      "version": "1.1.2",
      "resolved": "https://registry.npmmirror.com/normalize-wheel-es/-/normalize-wheel-es-1.1.2.tgz",
      "integrity": "sha512-scX83plWJXYH1J4+BhAuIHadROzxX0UBF3+HuZNY2Ks8BciE7tSTQ+5JhTsvzjaO0/EJdm4JBGrfObKxFf3Png=="
    },
    "node_modules/picocolors": {
      "version": "1.0.0",
      "resolved": "https://registry.npmmirror.com/picocolors/-/picocolors-1.0.0.tgz",
      "integrity": "sha512-1fygroTLlHu66zi26VoTDv8yRgm0Fccecssto+MhsZ0D/DGW2sm8E8AjW7NU5VVTRt5GxbeZ5qBuJr+HyLYkjQ==",
      "peer": true
    },
    "node_modules/postcss": {
      "version": "8.4.12",
      "resolved": "https://registry.npmmirror.com/postcss/-/postcss-8.4.12.tgz",
      "integrity": "sha512-lg6eITwYe9v6Hr5CncVbK70SoioNQIq81nsaG86ev5hAidQvmOeETBqs7jm43K2F5/Ley3ytDtriImV6TpNiSg==",
      "peer": true,
      "dependencies": {
        "nanoid": "^3.3.1",
        "picocolors": "^1.0.0",
        "source-map-js": "^1.0.2"
      },
      "engines": {
        "node": "^10 || ^12 || >=14"
      }
    },
    "node_modules/source-map": {
      "version": "0.6.1",
      "resolved": "https://registry.npmmirror.com/source-map/-/source-map-0.6.1.tgz",
      "integrity": "sha512-UjgapumWlbMhkBgzT7Ykc5YXUT46F0iKu8SGXq0bcwP5dz/h0Plj6enJqjz1Zbq2l5WaqYnrVbwWOWMyF3F47g==",
      "peer": true,
      "engines": {
        "node": ">=0.10.0"
      }
    },
    "node_modules/source-map-js": {
      "version": "1.0.2",
      "resolved": "https://registry.npmmirror.com/source-map-js/-/source-map-js-1.0.2.tgz",
      "integrity": "sha512-R0XvVJ9WusLiqTCEiGCmICCMplcCkIwwR11mOSD9CR5u+IXYdiseeEuXCVAjS54zqwkLcPNnmU4OeJ6tUrWhDw==",
      "peer": true,
      "engines": {
        "node": ">=0.10.0"
      }
    },
    "node_modules/sourcemap-codec": {
      "version": "1.4.8",
      "resolved": "https://registry.npmmirror.com/sourcemap-codec/-/sourcemap-codec-1.4.8.tgz",
      "integrity": "sha512-9NykojV5Uih4lgo5So5dtw+f0JgJX30KCNI8gwhz2J9A15wD0Ml6tjHKwf6fTSa6fAdVBdZeNOs9eJ71qCk8vA==",
      "peer": true
    },
    "node_modules/vue": {
      "version": "3.2.31",
      "resolved": "https://registry.npmmirror.com/vue/-/vue-3.2.31.tgz",
      "integrity": "sha512-odT3W2tcffTiQCy57nOT93INw1auq5lYLLYtWpPYQQYQOOdHiqFct9Xhna6GJ+pJQaF67yZABraH47oywkJgFw==",
      "peer": true,
      "dependencies": {
        "@vue/compiler-dom": "3.2.31",
        "@vue/compiler-sfc": "3.2.31",
        "@vue/runtime-dom": "3.2.31",
        "@vue/server-renderer": "3.2.31",
        "@vue/shared": "3.2.31"
      }
    }
  },
  "dependencies": {
    "@babel/parser": {
      "version": "7.17.8",
      "resolved": "https://registry.npmmirror.com/@babel/parser/-/parser-7.17.8.tgz",
      "integrity": "sha512-BoHhDJrJXqcg+ZL16Xv39H9n+AqJ4pcDrQBGZN+wHxIysrLZ3/ECwCBUch/1zUNhnsXULcONU3Ei5Hmkfk6kiQ==",
      "peer": true
    },
    "@ctrl/tinycolor": {
      "version": "3.4.0",
      "resolved": "https://registry.npmmirror.com/@ctrl/tinycolor/-/tinycolor-3.4.0.tgz",
      "integrity": "sha512-JZButFdZ1+/xAfpguQHoabIXkcqRRKpMrWKBkpEZZyxfY9C1DpADFB8PEqGSTeFr135SaTRfKqGKx5xSCLI7ZQ=="
    },
    "@element-plus/icons-vue": {
      "version": "1.1.4",
      "resolved": "https://registry.npmmirror.com/@element-plus/icons-vue/-/icons-vue-1.1.4.tgz",
      "integrity": "sha512-Iz/nHqdp1sFPmdzRwHkEQQA3lKvoObk8azgABZ81QUOpW9s/lUyQVUSh0tNtEPZXQlKwlSh7SPgoVxzrE0uuVQ==",
      "requires": {}
    },
    "@floating-ui/core": {
      "version": "0.6.1",
      "resolved": "https://registry.npmmirror.com/@floating-ui/core/-/core-0.6.1.tgz",
      "integrity": "sha512-Y30eVMcZva8o84c0HcXAtDO4BEzPJMvF6+B7x7urL2xbAqVsGJhojOyHLaoQHQYjb6OkqRq5kO+zeySycQwKqg=="
    },
    "@floating-ui/dom": {
      "version": "0.4.2",
      "resolved": "https://registry.npmmirror.com/@floating-ui/dom/-/dom-0.4.2.tgz",
      "integrity": "sha512-2/4vOhMAujkMmGqGX1Gut84phe5MNfk1kGeM+RSTJCpeR0SWR2/RR+/f1r1msOvTQa28wn7HEhxGe71CjYY/vw==",
      "requires": {
        "@floating-ui/core": "^0.6.1"
      }
    },
    "@popperjs/core": {
      "version": "2.11.4",
      "resolved": "https://registry.npmmirror.com/@popperjs/core/-/core-2.11.4.tgz",
      "integrity": "sha512-q/ytXxO5NKvyT37pmisQAItCFqA7FD/vNb8dgaJy3/630Fsc+Mz9/9f2SziBoIZ30TJooXyTwZmhi1zjXmObYg=="
    },
    "@types/lodash": {
      "version": "4.14.180",
      "resolved": "https://registry.npmmirror.com/@types/lodash/-/lodash-4.14.180.tgz",
      "integrity": "sha512-XOKXa1KIxtNXgASAnwj7cnttJxS4fksBRywK/9LzRV5YxrF80BXZIGeQSuoESQ/VkUj30Ae0+YcuHc15wJCB2g==",
      "peer": true
    },
    "@types/lodash-es": {
      "version": "4.17.6",
      "resolved": "https://registry.npmmirror.com/@types/lodash-es/-/lodash-es-4.17.6.tgz",
      "integrity": "sha512-R+zTeVUKDdfoRxpAryaQNRKk3105Rrgx2CFRClIgRGaqDTdjsm8h6IYA8ir584W3ePzkZfst5xIgDwYrlh9HLg==",
      "peer": true,
      "requires": {
        "@types/lodash": "*"
      }
    },
    "@vue/compiler-core": {
      "version": "3.2.31",
      "resolved": "https://registry.npmmirror.com/@vue/compiler-core/-/compiler-core-3.2.31.tgz",
      "integrity": "sha512-aKno00qoA4o+V/kR6i/pE+aP+esng5siNAVQ422TkBNM6qA4veXiZbSe8OTXHXquEi/f6Akc+nLfB4JGfe4/WQ==",
      "peer": true,
      "requires": {
        "@babel/parser": "^7.16.4",
        "@vue/shared": "3.2.31",
        "estree-walker": "^2.0.2",
        "source-map": "^0.6.1"
      }
    },
    "@vue/compiler-dom": {
      "version": "3.2.31",
      "resolved": "https://registry.npmmirror.com/@vue/compiler-dom/-/compiler-dom-3.2.31.tgz",
      "integrity": "sha512-60zIlFfzIDf3u91cqfqy9KhCKIJgPeqxgveH2L+87RcGU/alT6BRrk5JtUso0OibH3O7NXuNOQ0cDc9beT0wrg==",
      "peer": true,
      "requires": {
        "@vue/compiler-core": "3.2.31",
        "@vue/shared": "3.2.31"
      }
    },
    "@vue/compiler-sfc": {
      "version": "3.2.31",
      "resolved": "https://registry.npmmirror.com/@vue/compiler-sfc/-/compiler-sfc-3.2.31.tgz",
      "integrity": "sha512-748adc9msSPGzXgibHiO6T7RWgfnDcVQD+VVwYgSsyyY8Ans64tALHZANrKtOzvkwznV/F4H7OAod/jIlp/dkQ==",
      "peer": true,
      "requires": {
        "@babel/parser": "^7.16.4",
        "@vue/compiler-core": "3.2.31",
        "@vue/compiler-dom": "3.2.31",
        "@vue/compiler-ssr": "3.2.31",
        "@vue/reactivity-transform": "3.2.31",
        "@vue/shared": "3.2.31",
        "estree-walker": "^2.0.2",
        "magic-string": "^0.25.7",
        "postcss": "^8.1.10",
        "source-map": "^0.6.1"
      }
    },
    "@vue/compiler-ssr": {
      "version": "3.2.31",
      "resolved": "https://registry.npmmirror.com/@vue/compiler-ssr/-/compiler-ssr-3.2.31.tgz",
      "integrity": "sha512-mjN0rqig+A8TVDnsGPYJM5dpbjlXeHUm2oZHZwGyMYiGT/F4fhJf/cXy8QpjnLQK4Y9Et4GWzHn9PS8AHUnSkw==",
      "peer": true,
      "requires": {
        "@vue/compiler-dom": "3.2.31",
        "@vue/shared": "3.2.31"
      }
    },
    "@vue/reactivity": {
      "version": "3.2.31",
      "resolved": "https://registry.npmmirror.com/@vue/reactivity/-/reactivity-3.2.31.tgz",
      "integrity": "sha512-HVr0l211gbhpEKYr2hYe7hRsV91uIVGFYNHj73njbARVGHQvIojkImKMaZNDdoDZOIkMsBc9a1sMqR+WZwfSCw==",
      "peer": true,
      "requires": {
        "@vue/shared": "3.2.31"
      }
    },
    "@vue/reactivity-transform": {
      "version": "3.2.31",
      "resolved": "https://registry.npmmirror.com/@vue/reactivity-transform/-/reactivity-transform-3.2.31.tgz",
      "integrity": "sha512-uS4l4z/W7wXdI+Va5pgVxBJ345wyGFKvpPYtdSgvfJfX/x2Ymm6ophQlXXB6acqGHtXuBqNyyO3zVp9b1r0MOA==",
      "peer": true,
      "requires": {
        "@babel/parser": "^7.16.4",
        "@vue/compiler-core": "3.2.31",
        "@vue/shared": "3.2.31",
        "estree-walker": "^2.0.2",
        "magic-string": "^0.25.7"
      }
    },
    "@vue/runtime-core": {
      "version": "3.2.31",
      "resolved": "https://registry.npmmirror.com/@vue/runtime-core/-/runtime-core-3.2.31.tgz",
      "integrity": "sha512-Kcog5XmSY7VHFEMuk4+Gap8gUssYMZ2+w+cmGI6OpZWYOEIcbE0TPzzPHi+8XTzAgx1w/ZxDFcXhZeXN5eKWsA==",
      "peer": true,
      "requires": {
        "@vue/reactivity": "3.2.31",
        "@vue/shared": "3.2.31"
      }
    },
    "@vue/runtime-dom": {
      "version": "3.2.31",
      "resolved": "https://registry.npmmirror.com/@vue/runtime-dom/-/runtime-dom-3.2.31.tgz",
      "integrity": "sha512-N+o0sICVLScUjfLG7u9u5XCjvmsexAiPt17GNnaWHJUfsKed5e85/A3SWgKxzlxx2SW/Hw7RQxzxbXez9PtY3g==",
      "peer": true,
      "requires": {
        "@vue/runtime-core": "3.2.31",
        "@vue/shared": "3.2.31",
        "csstype": "^2.6.8"
      }
    },
    "@vue/server-renderer": {
      "version": "3.2.31",
      "resolved": "https://registry.npmmirror.com/@vue/server-renderer/-/server-renderer-3.2.31.tgz",
      "integrity": "sha512-8CN3Zj2HyR2LQQBHZ61HexF5NReqngLT3oahyiVRfSSvak+oAvVmu8iNLSu6XR77Ili2AOpnAt1y8ywjjqtmkg==",
      "peer": true,
      "requires": {
        "@vue/compiler-ssr": "3.2.31",
        "@vue/shared": "3.2.31"
      }
    },
    "@vue/shared": {
      "version": "3.2.31",
      "resolved": "https://registry.npmmirror.com/@vue/shared/-/shared-3.2.31.tgz",
      "integrity": "sha512-ymN2pj6zEjiKJZbrf98UM2pfDd6F2H7ksKw7NDt/ZZ1fh5Ei39X5tABugtT03ZRlWd9imccoK0hE8hpjpU7irQ==",
      "peer": true
    },
    "@vueuse/core": {
      "version": "8.2.0",
      "resolved": "https://registry.npmmirror.com/@vueuse/core/-/core-8.2.0.tgz",
      "integrity": "sha512-89ZfKtFHz5ynfpWyFVXtK0yePJ2MZqFaOxnGeZn7cIp8KFbPRlu6Wsxi3gBkJNpjq+q9qbEh6MjV7QBvqCQ5Og==",
      "requires": {
        "@vueuse/metadata": "8.2.0",
        "@vueuse/shared": "8.2.0",
        "vue-demi": "*"
      },
      "dependencies": {
        "@vueuse/shared": {
          "version": "8.2.0",
          "resolved": "https://registry.npmmirror.com/@vueuse/shared/-/shared-8.2.0.tgz",
          "integrity": "sha512-dTw7EJZgZCgG9DoVAiz4LtmKnIFXuE/idUFzvqRAJLjbPiVJc+qQH5kDUdKHI3W1U9t//1mdasQEKONArburiQ==",
          "requires": {
            "vue-demi": "*"
          }
        },
        "vue-demi": {
          "version": "0.12.4",
          "resolved": "https://registry.npmmirror.com/vue-demi/-/vue-demi-0.12.4.tgz",
          "integrity": "sha512-ztPDkFt0TSUdoq1ZI6oD730vgztBkiByhUW7L1cOTebiSBqSYfSQgnhYakYigBkyAybqCTH7h44yZuDJf2xILQ==",
          "requires": {}
        }
      }
    },
    "@vueuse/metadata": {
      "version": "8.2.0",
      "resolved": "https://registry.npmmirror.com/@vueuse/metadata/-/metadata-8.2.0.tgz",
      "integrity": "sha512-cbaezEccNuxQC+OiudG9VjZNg9/RbAAHkyuhC6+8Gsgsc+MvDhfn1NrV6NNTaldLlZgJFgUiYOkrf3JGTTTGXQ=="
    },
    "async-validator": {
      "version": "4.0.7",
      "resolved": "https://registry.npmmirror.com/async-validator/-/async-validator-4.0.7.tgz",
      "integrity": "sha512-Pj2IR7u8hmUEDOwB++su6baaRi+QvsgajuFB9j95foM1N2gy5HM4z60hfusIO0fBPG5uLAEl6yCJr1jNSVugEQ=="
    },
    "csstype": {
      "version": "2.6.20",
      "resolved": "https://registry.npmmirror.com/csstype/-/csstype-2.6.20.tgz",
      "integrity": "sha512-/WwNkdXfckNgw6S5R125rrW8ez139lBHWouiBvX8dfMFtcn6V81REDqnH7+CRpRipfYlyU1CmOnOxrmGcFOjeA==",
      "peer": true
    },
    "dayjs": {
      "version": "1.11.0",
      "resolved": "https://registry.npmmirror.com/dayjs/-/dayjs-1.11.0.tgz",
      "integrity": "sha512-JLC809s6Y948/FuCZPm5IX8rRhQwOiyMb2TfVVQEixG7P8Lm/gt5S7yoQZmC8x1UehI9Pb7sksEt4xx14m+7Ug=="
    },
    "element-plus": {
      "version": "2.1.5",
      "resolved": "https://registry.npmmirror.com/element-plus/-/element-plus-2.1.5.tgz",
      "integrity": "sha512-QHssDDY2uIJVmfXHkPU7DOxDMqlb2UCsfpJaYRrAYpZC4YIrbtQCcw26A7uRZogDu+ampAaZzGQqioDLdKNkiA==",
      "requires": {
        "@ctrl/tinycolor": "^3.4.0",
        "@element-plus/icons-vue": "^1.1.4",
        "@floating-ui/dom": "^0.4.1",
        "@popperjs/core": "^2.11.4",
        "@vueuse/core": "^8.1.2",
        "async-validator": "^4.0.7",
        "dayjs": "^1.11.0",
        "escape-html": "^1.0.3",
        "lodash": "^4.17.21",
        "lodash-es": "^4.17.21",
        "lodash-unified": "^1.0.2",
        "memoize-one": "^6.0.0",
        "normalize-wheel-es": "^1.1.1"
      }
    },
    "escape-html": {
      "version": "1.0.3",
      "resolved": "https://registry.npmmirror.com/escape-html/-/escape-html-1.0.3.tgz",
      "integrity": "sha512-NiSupZ4OeuGwr68lGIeym/ksIZMJodUGOSCZ/FSnTxcrekbvqrgdUxlJOMpijaKZVjAJrWrGs/6Jy8OMuyj9ow=="
    },
    "estree-walker": {
      "version": "2.0.2",
      "resolved": "https://registry.npmmirror.com/estree-walker/-/estree-walker-2.0.2.tgz",
      "integrity": "sha512-Rfkk/Mp/DL7JVje3u18FxFujQlTNR2q6QfMSMB7AvCBx91NGj/ba3kCfza0f6dVDbw7YlRf/nDrn7pQrCCyQ/w==",
      "peer": true
    },
    "lodash": {
      "version": "4.17.21",
      "resolved": "https://registry.npmmirror.com/lodash/-/lodash-4.17.21.tgz",
      "integrity": "sha512-v2kDEe57lecTulaDIuNTPy3Ry4gLGJ6Z1O3vE1krgXZNrsQ+LFTGHVxVjcXPs17LhbZVGedAJv8XZ1tvj5FvSg=="
    },
    "lodash-es": {
      "version": "4.17.21",
      "resolved": "https://registry.npmmirror.com/lodash-es/-/lodash-es-4.17.21.tgz",
      "integrity": "sha512-mKnC+QJ9pWVzv+C4/U3rRsHapFfHvQFoFB92e52xeyGMcX6/OlIl78je1u8vePzYZSkkogMPJ2yjxxsb89cxyw=="
    },
    "lodash-unified": {
      "version": "1.0.2",
      "resolved": "https://registry.npmmirror.com/lodash-unified/-/lodash-unified-1.0.2.tgz",
      "integrity": "sha512-OGbEy+1P+UT26CYi4opY4gebD8cWRDxAT6MAObIVQMiqYdxZr1g3QHWCToVsm31x2NkLS4K3+MC2qInaRMa39g==",
      "requires": {}
    },
    "magic-string": {
      "version": "0.25.9",
      "resolved": "https://registry.npmmirror.com/magic-string/-/magic-string-0.25.9.tgz",
      "integrity": "sha512-RmF0AsMzgt25qzqqLc1+MbHmhdx0ojF2Fvs4XnOqz2ZOBXzzkEwc/dJQZCYHAn7v1jbVOjAZfK8msRn4BxO4VQ==",
      "peer": true,
      "requires": {
        "sourcemap-codec": "^1.4.8"
      }
    },
    "memoize-one": {
      "version": "6.0.0",
      "resolved": "https://registry.npmmirror.com/memoize-one/-/memoize-one-6.0.0.tgz",
      "integrity": "sha512-rkpe71W0N0c0Xz6QD0eJETuWAJGnJ9afsl1srmwPrI+yBCkge5EycXXbYRyvL29zZVUWQCY7InPRCv3GDXuZNw=="
    },
    "nanoid": {
      "version": "3.3.1",
      "resolved": "https://registry.npmmirror.com/nanoid/-/nanoid-3.3.1.tgz",
      "integrity": "sha512-n6Vs/3KGyxPQd6uO0eH4Bv0ojGSUvuLlIHtC3Y0kEO23YRge8H9x1GCzLn28YX0H66pMkxuaeESFq4tKISKwdw==",
      "peer": true
    },
    "normalize-wheel-es": {
      "version": "1.1.2",
      "resolved": "https://registry.npmmirror.com/normalize-wheel-es/-/normalize-wheel-es-1.1.2.tgz",
      "integrity": "sha512-scX83plWJXYH1J4+BhAuIHadROzxX0UBF3+HuZNY2Ks8BciE7tSTQ+5JhTsvzjaO0/EJdm4JBGrfObKxFf3Png=="
    },
    "picocolors": {
      "version": "1.0.0",
      "resolved": "https://registry.npmmirror.com/picocolors/-/picocolors-1.0.0.tgz",
      "integrity": "sha512-1fygroTLlHu66zi26VoTDv8yRgm0Fccecssto+MhsZ0D/DGW2sm8E8AjW7NU5VVTRt5GxbeZ5qBuJr+HyLYkjQ==",
      "peer": true
    },
    "postcss": {
      "version": "8.4.12",
      "resolved": "https://registry.npmmirror.com/postcss/-/postcss-8.4.12.tgz",
      "integrity": "sha512-lg6eITwYe9v6Hr5CncVbK70SoioNQIq81nsaG86ev5hAidQvmOeETBqs7jm43K2F5/Ley3ytDtriImV6TpNiSg==",
      "peer": true,
      "requires": {
        "nanoid": "^3.3.1",
        "picocolors": "^1.0.0",
        "source-map-js": "^1.0.2"
      }
    },
    "source-map": {
      "version": "0.6.1",
      "resolved": "https://registry.npmmirror.com/source-map/-/source-map-0.6.1.tgz",
      "integrity": "sha512-UjgapumWlbMhkBgzT7Ykc5YXUT46F0iKu8SGXq0bcwP5dz/h0Plj6enJqjz1Zbq2l5WaqYnrVbwWOWMyF3F47g==",
      "peer": true
    },
    "source-map-js": {
      "version": "1.0.2",
      "resolved": "https://registry.npmmirror.com/source-map-js/-/source-map-js-1.0.2.tgz",
      "integrity": "sha512-R0XvVJ9WusLiqTCEiGCmICCMplcCkIwwR11mOSD9CR5u+IXYdiseeEuXCVAjS54zqwkLcPNnmU4OeJ6tUrWhDw==",
      "peer": true
    },
    "sourcemap-codec": {
      "version": "1.4.8",
      "resolved": "https://registry.npmmirror.com/sourcemap-codec/-/sourcemap-codec-1.4.8.tgz",
      "integrity": "sha512-9NykojV5Uih4lgo5So5dtw+f0JgJX30KCNI8gwhz2J9A15wD0Ml6tjHKwf6fTSa6fAdVBdZeNOs9eJ71qCk8vA==",
      "peer": true
    },
    "vue": {
      "version": "3.2.31",
      "resolved": "https://registry.npmmirror.com/vue/-/vue-3.2.31.tgz",
      "integrity": "sha512-odT3W2tcffTiQCy57nOT93INw1auq5lYLLYtWpPYQQYQOOdHiqFct9Xhna6GJ+pJQaF67yZABraH47oywkJgFw==",
      "peer": true,
      "requires": {
        "@vue/compiler-dom": "3.2.31",
        "@vue/compiler-sfc": "3.2.31",
        "@vue/runtime-dom": "3.2.31",
        "@vue/server-renderer": "3.2.31",
        "@vue/shared": "3.2.31"
      }
    }
  }
}
